
Microsoft Visual Studio Solution File, Format Version 12.00
# Visual Studio 2012
Project("{FAE04EC0-301F-11D3-BF4B-00C04F79EFBC}") = "GraphicalEditor", "GraphicalEditor\GraphicalEditor.csproj", "{C2A67DAF-7ED4-4ECA-A5BB-C283C7FD5BF9}"
EndProject
Project("{2150E333-8FDC-42A3-9474-1A3956D46DE8}") = "Solution Items", "Solution Items", "{F1AF95BC-2E02-42D5-9070-B8C8B202D2D2}"
	ProjectSection(SolutionItems) = preProject
		README.md = README.md
	EndProjectSection
EndProject
Project("{FAE04EC0-301F-11D3-BF4B-00C04F79EFBC}") = "GraphicalEditor.Tests", "GraphicalEditor.Tests\GraphicalEditor.Tests.csproj", "{115D1E92-B68B-4DEA-B16D-8B26566E840B}"
EndProject
Global
	GlobalSection(SolutionConfigurationPlatforms) = preSolution
		Debug|x86 = Debug|x86
		Release|x86 = Release|x86
	EndGlobalSection
	GlobalSection(ProjectConfigurationPlatforms) = postSolution
		{C2A67DAF-7ED4-4ECA-A5BB-C283C7FD5BF9}.Debug|x86.ActiveCfg = Debug|x86
		{C2A67DAF-7ED4-4ECA-A5BB-C283C7FD5BF9}.Debug|x86.Build.0 = Debug|x86
		{C2A67DAF-7ED4-4ECA-A5BB-C283C7FD5BF9}.Release|x86.ActiveCfg = Release|x86
		{C2A67DAF-7ED4-4ECA-A5BB-C283C7FD5BF9}.Release|x86.Build.0 = Release|x86
		{115D1E92-B68B-4DEA-B16D-8B26566E840B}.Debug|x86.ActiveCfg = Debug|Any CPU
		{115D1E92-B68B-4DEA-B16D-8B26566E840B}.Debug|x86.Build.0 = Debug|Any CPU
		{115D1E92-B68B-4DEA-B16D-8B26566E840B}.Release|x86.ActiveCfg = Release|Any CPU
		{115D1E92-B68B-4DEA-B16D-8B26566E840B}.Release|x86.Build.0 = Release|Any CPU
	EndGlobalSection
EndGlobal
